
Microsoft Visual Studio Solution File, Format Version 12.00
# Visual Studio 15
Project("{FAE04EC0-301F-11D3-BF4B-00C04F79EFBC}") = "Assembly-CSharp", "Assembly-CSharp.csproj", "{08D3932E-F1B2-D503-9B3B-13156E734DCB}"
EndProject
Project("{FAE04EC0-301F-11D3-BF4B-00C04F79EFBC}") = "Assembly-CSharp-firstpass", "Assembly-CSharp-firstpass.csproj", "{5A47E77C-9BA8-1F18-BBE3-430A828384EC}"
EndProject
Project("{FAE04EC0-301F-11D3-BF4B-00C04F79EFBC}") = "Assembly-CSharp-Editor-firstpass", "Assembly-CSharp-Editor-firstpass.csproj", "{315D497F-BE61-E92F-24DF-0AACD284C6F2}"
EndProject
Global
	GlobalSection(SolutionConfigurationPlatforms) = preSolution
		Debug|Any CPU = Debug|Any CPU
		Release|Any CPU = Release|Any CPU
	EndGlobalSection
	GlobalSection(ProjectConfigurationPlatforms) = postSolution
		{08D3932E-F1B2-D503-9B3B-13156E734DCB}.Debug|Any CPU.ActiveCfg = Debug|Any CPU
		{08D3932E-F1B2-D503-9B3B-13156E734DCB}.Debug|Any CPU.Build.0 = Debug|Any CPU
		{08D3932E-F1B2-D503-9B3B-13156E734DCB}.Release|Any CPU.ActiveCfg = Release|Any CPU
		{08D3932E-F1B2-D503-9B3B-13156E734DCB}.Release|Any CPU.Build.0 = Release|Any CPU
		{5A47E77C-9BA8-1F18-BBE3-430A828384EC}.Debug|Any CPU.ActiveCfg = Debug|Any CPU
		{5A47E77C-9BA8-1F18-BBE3-430A828384EC}.Debug|Any CPU.Build.0 = Debug|Any CPU
		{5A47E77C-9BA8-1F18-BBE3-430A828384EC}.Release|Any CPU.ActiveCfg = Release|Any CPU
		{5A47E77C-9BA8-1F18-BBE3-430A828384EC}.Release|Any CPU.Build.0 = Release|Any CPU
		{315D497F-BE61-E92F-24DF-0AACD284C6F2}.Debug|Any CPU.ActiveCfg = Debug|Any CPU
		{315D497F-BE61-E92F-24DF-0AACD284C6F2}.Debug|Any CPU.Build.0 = Debug|Any CPU
		{315D497F-BE61-E92F-24DF-0AACD284C6F2}.Release|Any CPU.ActiveCfg = Release|Any CPU
		{315D497F-BE61-E92F-24DF-0AACD284C6F2}.Release|Any CPU.Build.0 = Release|Any CPU
	EndGlobalSection
	GlobalSection(SolutionProperties) = preSolution
		HideSolutionNode = FALSE
	EndGlobalSection
EndGlobal
